
Microsoft Visual Studio Solution File, Format Version 12.00
# Visual Studio Version 17
VisualStudioVersion = 17.9.34701.34
MinimumVisualStudioVersion = 10.0.40219.1
Project("{FAE04EC0-301F-11D3-BF4B-00C04F79EFBC}") = "task 4", "task 4.csproj", "{6F54F99E-3F39-4F34-BDBD-EB369E4F64DD}"
EndProject
Global
	GlobalSection(SolutionConfigurationPlatforms) = preSolution
		Debug|Any CPU = Debug|Any CPU
		Release|Any CPU = Release|Any CPU
	EndGlobalSection
	GlobalSection(ProjectConfigurationPlatforms) = postSolution
		{6F54F99E-3F39-4F34-BDBD-EB369E4F64DD}.Debug|Any CPU.ActiveCfg = Debug|Any CPU
		{6F54F99E-3F39-4F34-BDBD-EB369E4F64DD}.Debug|Any CPU.Build.0 = Debug|Any CPU
		{6F54F99E-3F39-4F34-BDBD-EB369E4F64DD}.Release|Any CPU.ActiveCfg = Release|Any CPU
		{6F54F99E-3F39-4F34-BDBD-EB369E4F64DD}.Release|Any CPU.Build.0 = Release|Any CPU
	EndGlobalSection
	GlobalSection(SolutionProperties) = preSolution
		HideSolutionNode = FALSE
	EndGlobalSection
	GlobalSection(ExtensibilityGlobals) = postSolution
		SolutionGuid = {0B4B5B9D-A5CB-43E3-A6E8-9CBC82CAE21B}
	EndGlobalSection
EndGlobal
